
Microsoft Visual Studio Solution File, Format Version 12.00
# Visual Studio Version 17
VisualStudioVersion = 17.14.36203.30 d17.14
MinimumVisualStudioVersion = 10.0.40219.1
Project("{FAE04EC0-301F-11D3-BF4B-00C04F79EFBC}") = "Teste", "Teste\Teste.csproj", "{8803AFDC-5150-4ED9-BF2D-55C7C3FDD4A9}"
EndProject
Global
	GlobalSection(SolutionConfigurationPlatforms) = preSolution
		Debug|Any CPU = Debug|Any CPU
		Release|Any CPU = Release|Any CPU
	EndGlobalSection
	GlobalSection(ProjectConfigurationPlatforms) = postSolution
		{8803AFDC-5150-4ED9-BF2D-55C7C3FDD4A9}.Debug|Any CPU.ActiveCfg = Debug|Any CPU
		{8803AFDC-5150-4ED9-BF2D-55C7C3FDD4A9}.Debug|Any CPU.Build.0 = Debug|Any CPU
		{8803AFDC-5150-4ED9-BF2D-55C7C3FDD4A9}.Release|Any CPU.ActiveCfg = Release|Any CPU
		{8803AFDC-5150-4ED9-BF2D-55C7C3FDD4A9}.Release|Any CPU.Build.0 = Release|Any CPU
	EndGlobalSection
	GlobalSection(SolutionProperties) = preSolution
		HideSolutionNode = FALSE
	EndGlobalSection
	GlobalSection(ExtensibilityGlobals) = postSolution
		SolutionGuid = {265DA7EB-AD63-4DB0-95CA-80B8CC7AA516}
	EndGlobalSection
EndGlobal
